// !$*UTF8*$!
{
	archiveVersion = 1;
	classes = {
	};
	objectVersion = 50;
	objects = {

/* Begin PBXBuildFile section */
		6A085FC226DC8F1D008FF55E /* AppDelegate.swift in Sources */ = {isa = PBXBuildFile; fileRef = 6A085FC126DC8F1D008FF55E /* AppDelegate.swift */; };
		6A085FC426DC8F1D008FF55E /* SceneDelegate.swift in Sources */ = {isa = PBXBuildFile; fileRef = 6A085FC326DC8F1D008FF55E /* SceneDelegate.swift */; };
		6A085FC626DC8F1D008FF55E /* HabitsViewController.swift in Sources */ = {isa = PBXBuildFile; fileRef = 6A085FC526DC8F1D008FF55E /* HabitsViewController.swift */; };
		6A085FC926DC8F1D008FF55E /* Main.storyboard in Resources */ = {isa = PBXBuildFile; fileRef = 6A085FC726DC8F1D008FF55E /* Main.storyboard */; };
		6A085FCB26DC8F20008FF55E /* Assets.xcassets in Resources */ = {isa = PBXBuildFile; fileRef = 6A085FCA26DC8F20008FF55E /* Assets.xcassets */; };
		6A085FF426DC8F71008FF55E /* SF-Pro-Display-Regular.otf in Resources */ = {isa = PBXBuildFile; fileRef = 6A085FE226DC8F70008FF55E /* SF-Pro-Display-Regular.otf */; };
		6A085FFD26DC963A008FF55E /* HabitStore.swift in Sources */ = {isa = PBXBuildFile; fileRef = 6A085FFC26DC963A008FF55E /* HabitStore.swift */; };
		6A085FFF26DC9BDB008FF55E /* InfoViewController.swift in Sources */ = {isa = PBXBuildFile; fileRef = 6A085FFE26DC9BDB008FF55E /* InfoViewController.swift */; };
		6A08600126DC9DFB008FF55E /* HabitsInformation.swift in Sources */ = {isa = PBXBuildFile; fileRef = 6A08600026DC9DFB008FF55E /* HabitsInformation.swift */; };
		6A08600526DCA883008FF55E /* HeaderInfoTableViewCell.swift in Sources */ = {isa = PBXBuildFile; fileRef = 6A08600426DCA883008FF55E /* HeaderInfoTableViewCell.swift */; };
		6A08600726DCB20B008FF55E /* BodyInfoTableViewCell.swift in Sources */ = {isa = PBXBuildFile; fileRef = 6A08600626DCB20B008FF55E /* BodyInfoTableViewCell.swift */; };
		6A08600A26DCBF70008FF55E /* ProgressCollectionViewCell.swift in Sources */ = {isa = PBXBuildFile; fileRef = 6A08600926DCBF70008FF55E /* ProgressCollectionViewCell.swift */; };
		6A08600C26DCBF84008FF55E /* HabitCollectionViewCell.swift in Sources */ = {isa = PBXBuildFile; fileRef = 6A08600B26DCBF84008FF55E /* HabitCollectionViewCell.swift */; };
		6A258EF826E067C50092767D /* CustomLaunch.storyboard in Resources */ = {isa = PBXBuildFile; fileRef = 6A258EF726E067C50092767D /* CustomLaunch.storyboard */; };
		6A258EFC26E5C3D70092767D /* SF-Pro-Text-Semibold.otf in Resources */ = {isa = PBXBuildFile; fileRef = 6A258EFB26E5C3750092767D /* SF-Pro-Text-Semibold.otf */; };
		6A258EFF26E5D5290092767D /* SF-Pro-Text-Regular.otf in Resources */ = {isa = PBXBuildFile; fileRef = 6A258EFE26E5D4B90092767D /* SF-Pro-Text-Regular.otf */; };
		6AE63E7D26DE164900438EA4 /* HeaderCollectionReusableView.swift in Sources */ = {isa = PBXBuildFile; fileRef = 6AE63E7C26DE164900438EA4 /* HeaderCollectionReusableView.swift */; };
		6AE63E7F26DE443000438EA4 /* HabitViewController.swift in Sources */ = {isa = PBXBuildFile; fileRef = 6AE63E7E26DE443000438EA4 /* HabitViewController.swift */; };
		6AE63E8126DE450100438EA4 /* HabitDetailsViewController.swift in Sources */ = {isa = PBXBuildFile; fileRef = 6AE63E8026DE450100438EA4 /* HabitDetailsViewController.swift */; };
/* End PBXBuildFile section */

/* Begin PBXFileReference section */
		6A085FBE26DC8F1D008FF55E /* MyHabits.app */ = {isa = PBXFileReference; explicitFileType = wrapper.application; includeInIndex = 0; path = MyHabits.app; sourceTree = BUILT_PRODUCTS_DIR; };
		6A085FC126DC8F1D008FF55E /* AppDelegate.swift */ = {isa = PBXFileReference; lastKnownFileType = sourcecode.swift; path = AppDelegate.swift; sourceTree = "<group>"; };
		6A085FC326DC8F1D008FF55E /* SceneDelegate.swift */ = {isa = PBXFileReference; lastKnownFileType = sourcecode.swift; path = SceneDelegate.swift; sourceTree = "<group>"; };
		6A085FC526DC8F1D008FF55E /* HabitsViewController.swift */ = {isa = PBXFileReference; lastKnownFileType = sourcecode.swift; path = HabitsViewController.swift; sourceTree = "<group>"; };
		6A085FC826DC8F1D008FF55E /* Base */ = {isa = PBXFileReference; lastKnownFileType = file.storyboard; name = Base; path = Base.lproj/Main.storyboard; sourceTree = "<group>"; };
		6A085FCA26DC8F20008FF55E /* Assets.xcassets */ = {isa = PBXFileReference; lastKnownFileType = folder.assetcatalog; path = Assets.xcassets; sourceTree = "<group>"; };
		6A085FCF26DC8F20008FF55E /* Info.plist */ = {isa = PBXFileReference; lastKnownFileType = text.plist.xml; path = Info.plist; sourceTree = "<group>"; };
		6A085FE226DC8F70008FF55E /* SF-Pro-Display-Regular.otf */ = {isa = PBXFileReference; lastKnownFileType = file; path = "SF-Pro-Display-Regular.otf"; sourceTree = "<group>"; };
		6A085FFC26DC963A008FF55E /* HabitStore.swift */ = {isa = PBXFileReference; lastKnownFileType = sourcecode.swift; path = HabitStore.swift; sourceTree = "<group>"; };
		6A085FFE26DC9BDB008FF55E /* InfoViewController.swift */ = {isa = PBXFileReference; lastKnownFileType = sourcecode.swift; path = InfoViewController.swift; sourceTree = "<group>"; };
		6A08600026DC9DFB008FF55E /* HabitsInformation.swift */ = {isa = PBXFileReference; lastKnownFileType = sourcecode.swift; path = HabitsInformation.swift; sourceTree = "<group>"; };
		6A08600426DCA883008FF55E /* HeaderInfoTableViewCell.swift */ = {isa = PBXFileReference; lastKnownFileType = sourcecode.swift; path = HeaderInfoTableViewCell.swift; sourceTree = "<group>"; };
		6A08600626DCB20B008FF55E /* BodyInfoTableViewCell.swift */ = {isa = PBXFileReference; lastKnownFileType = sourcecode.swift; path = BodyInfoTableViewCell.swift; sourceTree = "<group>"; };
		6A08600926DCBF70008FF55E /* ProgressCollectionViewCell.swift */ = {isa = PBXFileReference; lastKnownFileType = sourcecode.swift; path = ProgressCollectionViewCell.swift; sourceTree = "<group>"; };
		6A08600B26DCBF84008FF55E /* HabitCollectionViewCell.swift */ = {isa = PBXFileReference; lastKnownFileType = sourcecode.swift; path = HabitCollectionViewCell.swift; sourceTree = "<group>"; };
		6A258EF726E067C50092767D /* CustomLaunch.storyboard */ = {isa = PBXFileReference; lastKnownFileType = file.storyboard; path = CustomLaunch.storyboard; sourceTree = "<group>"; };
		6A258EFB26E5C3750092767D /* SF-Pro-Text-Semibold.otf */ = {isa = PBXFileReference; lastKnownFileType = file; path = "SF-Pro-Text-Semibold.otf"; sourceTree = "<group>"; };
		6A258EFE26E5D4B90092767D /* SF-Pro-Text-Regular.otf */ = {isa = PBXFileReference; lastKnownFileType = file; path = "SF-Pro-Text-Regular.otf"; sourceTree = "<group>"; };
		6AE63E7C26DE164900438EA4 /* HeaderCollectionReusableView.swift */ = {isa = PBXFileReference; lastKnownFileType = sourcecode.swift; path = HeaderCollectionReusableView.swift; sourceTree = "<group>"; };
		6AE63E7E26DE443000438EA4 /* HabitViewController.swift */ = {isa = PBXFileReference; lastKnownFileType = sourcecode.swift; path = HabitViewController.swift; sourceTree = "<group>"; };
		6AE63E8026DE450100438EA4 /* HabitDetailsViewController.swift */ = {isa = PBXFileReference; lastKnownFileType = sourcecode.swift; path = HabitDetailsViewController.swift; sourceTree = "<group>"; };
/* End PBXFileReference section */

/* Begin PBXFrameworksBuildPhase section */
		6A085FBB26DC8F1D008FF55E /* Frameworks */ = {
			isa = PBXFrameworksBuildPhase;
			buildActionMask = 2147483647;
			files = (
			);
			runOnlyForDeploymentPostprocessing = 0;
		};
/* End PBXFrameworksBuildPhase section */

/* Begin PBXGroup section */
		6A085FB526DC8F1D008FF55E = {
			isa = PBXGroup;
			children = (
				6A085FC026DC8F1D008FF55E /* MyHabits */,
				6A085FBF26DC8F1D008FF55E /* Products */,
			);
			sourceTree = "<group>";
		};
		6A085FBF26DC8F1D008FF55E /* Products */ = {
			isa = PBXGroup;
			children = (
				6A085FBE26DC8F1D008FF55E /* MyHabits.app */,
			);
			name = Products;
			sourceTree = "<group>";
		};
		6A085FC026DC8F1D008FF55E /* MyHabits */ = {
			isa = PBXGroup;
			children = (
				6A085FD526DC8F44008FF55E /* fonts */,
				6A085FFC26DC963A008FF55E /* HabitStore.swift */,
				6AE63E7926DE10F600438EA4 /*  Habit */,
				6A08600826DCB8FF008FF55E /* Habits */,
				6A08600326DCA85B008FF55E /* Information */,
				6A085FCA26DC8F20008FF55E /* Assets.xcassets */,
				6A085FC326DC8F1D008FF55E /* SceneDelegate.swift */,
				6A085FC126DC8F1D008FF55E /* AppDelegate.swift */,
				6A085FCF26DC8F20008FF55E /* Info.plist */,
				6A258EF726E067C50092767D /* CustomLaunch.storyboard */,
				6A085FC726DC8F1D008FF55E /* Main.storyboard */,
			);
			path = MyHabits;
			sourceTree = "<group>";
		};
		6A085FD526DC8F44008FF55E /* fonts */ = {
			isa = PBXGroup;
			children = (
				6A258EFE26E5D4B90092767D /* SF-Pro-Text-Regular.otf */,
				6A258EFB26E5C3750092767D /* SF-Pro-Text-Semibold.otf */,
				6A085FE226DC8F70008FF55E /* SF-Pro-Display-Regular.otf */,
			);
			path = fonts;
			sourceTree = "<group>";
		};
		6A08600326DCA85B008FF55E /* Information */ = {
			isa = PBXGroup;
			children = (
				6A085FFE26DC9BDB008FF55E /* InfoViewController.swift */,
				6A08600426DCA883008FF55E /* HeaderInfoTableViewCell.swift */,
				6A08600626DCB20B008FF55E /* BodyInfoTableViewCell.swift */,
				6A08600026DC9DFB008FF55E /* HabitsInformation.swift */,
			);
			path = Information;
			sourceTree = "<group>";
		};
		6A08600826DCB8FF008FF55E /* Habits */ = {
			isa = PBXGroup;
			children = (
				6AE63E8026DE450100438EA4 /* HabitDetailsViewController.swift */,
				6A085FC526DC8F1D008FF55E /* HabitsViewController.swift */,
				6A08600926DCBF70008FF55E /* ProgressCollectionViewCell.swift */,
				6A08600B26DCBF84008FF55E /* HabitCollectionViewCell.swift */,
				6AE63E7C26DE164900438EA4 /* HeaderCollectionReusableView.swift */,
			);
			path = Habits;
			sourceTree = "<group>";
		};
		6AE63E7926DE10F600438EA4 /*  Habit */ = {
			isa = PBXGroup;
			children = (
				6AE63E7E26DE443000438EA4 /* HabitViewController.swift */,
			);
			path = " Habit";
			sourceTree = "<group>";
		};
/* End PBXGroup section */

/* Begin PBXNativeTarget section */
		6A085FBD26DC8F1D008FF55E /* MyHabits */ = {
			isa = PBXNativeTarget;
			buildConfigurationList = 6A085FD226DC8F20008FF55E /* Build configuration list for PBXNativeTarget "MyHabits" */;
			buildPhases = (
				6A085FBA26DC8F1D008FF55E /* Sources */,
				6A085FBB26DC8F1D008FF55E /* Frameworks */,
				6A085FBC26DC8F1D008FF55E /* Resources */,
			);
			buildRules = (
			);
			dependencies = (
			);
			name = MyHabits;
			productName = MyHabits;
			productReference = 6A085FBE26DC8F1D008FF55E /* MyHabits.app */;
			productType = "com.apple.product-type.application";
		};
/* End PBXNativeTarget section */

/* Begin PBXProject section */
		6A085FB626DC8F1D008FF55E /* Project object */ = {
			isa = PBXProject;
			attributes = {
				LastSwiftUpdateCheck = 1250;
				LastUpgradeCheck = 1250;
				TargetAttributes = {
					6A085FBD26DC8F1D008FF55E = {
						CreatedOnToolsVersion = 12.5.1;
					};
				};
			};
			buildConfigurationList = 6A085FB926DC8F1D008FF55E /* Build configuration list for PBXProject "MyHabits" */;
			compatibilityVersion = "Xcode 9.3";
			developmentRegion = en;
			hasScannedForEncodings = 0;
			knownRegions = (
				en,
				Base,
			);
			mainGroup = 6A085FB526DC8F1D008FF55E;
			productRefGroup = 6A085FBF26DC8F1D008FF55E /* Products */;
			projectDirPath = "";
			projectRoot = "";
			targets = (
				6A085FBD26DC8F1D008FF55E /* MyHabits */,
			);
		};
/* End PBXProject section */

/* Begin PBXResourcesBuildPhase section */
		6A085FBC26DC8F1D008FF55E /* Resources */ = {
			isa = PBXResourcesBuildPhase;
			buildActionMask = 2147483647;
			files = (
				6A258EFF26E5D5290092767D /* SF-Pro-Text-Regular.otf in Resources */,
				6A258EFC26E5C3D70092767D /* SF-Pro-Text-Semibold.otf in Resources */,
				6A085FCB26DC8F20008FF55E /* Assets.xcassets in Resources */,
				6A085FF426DC8F71008FF55E /* SF-Pro-Display-Regular.otf in Resources */,
				6A258EF826E067C50092767D /* CustomLaunch.storyboard in Resources */,
				6A085FC926DC8F1D008FF55E /* Main.storyboard in Resources */,
			);
			runOnlyForDeploymentPostprocessing = 0;
		};
/* End PBXResourcesBuildPhase section */

/* Begin PBXSourcesBuildPhase section */
		6A085FBA26DC8F1D008FF55E /* Sources */ = {
			isa = PBXSourcesBuildPhase;
			buildActionMask = 2147483647;
			files = (
				6AE63E8126DE450100438EA4 /* HabitDetailsViewController.swift in Sources */,
				6A085FFD26DC963A008FF55E /* HabitStore.swift in Sources */,
				6A085FC626DC8F1D008FF55E /* HabitsViewController.swift in Sources */,
				6A085FC226DC8F1D008FF55E /* AppDelegate.swift in Sources */,
				6A08600726DCB20B008FF55E /* BodyInfoTableViewCell.swift in Sources */,
				6AE63E7D26DE164900438EA4 /* HeaderCollectionReusableView.swift in Sources */,
				6A08600526DCA883008FF55E /* HeaderInfoTableViewCell.swift in Sources */,
				6A08600A26DCBF70008FF55E /* ProgressCollectionViewCell.swift in Sources */,
				6AE63E7F26DE443000438EA4 /* HabitViewController.swift in Sources */,
				6A08600126DC9DFB008FF55E /* HabitsInformation.swift in Sources */,
				6A085FC426DC8F1D008FF55E /* SceneDelegate.swift in Sources */,
				6A085FFF26DC9BDB008FF55E /* InfoViewController.swift in Sources */,
				6A08600C26DCBF84008FF55E /* HabitCollectionViewCell.swift in Sources */,
			);
			runOnlyForDeploymentPostprocessing = 0;
		};
/* End PBXSourcesBuildPhase section */

/* Begin PBXVariantGroup section */
		6A085FC726DC8F1D008FF55E /* Main.storyboard */ = {
			isa = PBXVariantGroup;
			children = (
				6A085FC826DC8F1D008FF55E /* Base */,
			);
			name = Main.storyboard;
			sourceTree = "<group>";
		};
/* End PBXVariantGroup section */

/* Begin XCBuildConfiguration section */
		6A085FD026DC8F20008FF55E /* Debug */ = {
			isa = XCBuildConfiguration;
			buildSettings = {
				ALWAYS_SEARCH_USER_PATHS = NO;
				CLANG_ANALYZER_NONNULL = YES;
				CLANG_ANALYZER_NUMBER_OBJECT_CONVERSION = YES_AGGRESSIVE;
				CLANG_CXX_LANGUAGE_STANDARD = "gnu++14";
				CLANG_CXX_LIBRARY = "libc++";
				CLANG_ENABLE_MODULES = YES;
				CLANG_ENABLE_OBJC_ARC = YES;
				CLANG_ENABLE_OBJC_WEAK = YES;
				CLANG_WARN_BLOCK_CAPTURE_AUTORELEASING = YES;
				CLANG_WARN_BOOL_CONVERSION = YES;
				CLANG_WARN_COMMA = YES;
				CLANG_WARN_CONSTANT_CONVERSION = YES;
				CLANG_WARN_DEPRECATED_OBJC_IMPLEMENTATIONS = YES;
				CLANG_WARN_DIRECT_OBJC_ISA_USAGE = YES_ERROR;
				CLANG_WARN_DOCUMENTATION_COMMENTS = YES;
				CLANG_WARN_EMPTY_BODY = YES;
				CLANG_WARN_ENUM_CONVERSION = YES;
				CLANG_WARN_INFINITE_RECURSION = YES;
				CLANG_WARN_INT_CONVERSION = YES;
				CLANG_WARN_NON_LITERAL_NULL_CONVERSION = YES;
				CLANG_WARN_OBJC_IMPLICIT_RETAIN_SELF = YES;
				CLANG_WARN_OBJC_LITERAL_CONVERSION = YES;
				CLANG_WARN_OBJC_ROOT_CLASS = YES_ERROR;
				CLANG_WARN_QUOTED_INCLUDE_IN_FRAMEWORK_HEADER = YES;
				CLANG_WARN_RANGE_LOOP_ANALYSIS = YES;
				CLANG_WARN_STRICT_PROTOTYPES = YES;
				CLANG_WARN_SUSPICIOUS_MOVE = YES;
				CLANG_WARN_UNGUARDED_AVAILABILITY = YES_AGGRESSIVE;
				CLANG_WARN_UNREACHABLE_CODE = YES;
				CLANG_WARN__DUPLICATE_METHOD_MATCH = YES;
				COPY_PHASE_STRIP = NO;
				DEBUG_INFORMATION_FORMAT = dwarf;
				ENABLE_STRICT_OBJC_MSGSEND = YES;
				ENABLE_TESTABILITY = YES;
				GCC_C_LANGUAGE_STANDARD = gnu11;
				GCC_DYNAMIC_NO_PIC = NO;
				GCC_NO_COMMON_BLOCKS = YES;
				GCC_OPTIMIZATION_LEVEL = 0;
				GCC_PREPROCESSOR_DEFINITIONS = (
					"DEBUG=1",
					"$(inherited)",
				);
				GCC_WARN_64_TO_32_BIT_CONVERSION = YES;
				GCC_WARN_ABOUT_RETURN_TYPE = YES_ERROR;
				GCC_WARN_UNDECLARED_SELECTOR = YES;
				GCC_WARN_UNINITIALIZED_AUTOS = YES_AGGRESSIVE;
				GCC_WARN_UNUSED_FUNCTION = YES;
				GCC_WARN_UNUSED_VARIABLE = YES;
				IPHONEOS_DEPLOYMENT_TARGET = 14.5;
				MTL_ENABLE_DEBUG_INFO = INCLUDE_SOURCE;
				MTL_FAST_MATH = YES;
				ONLY_ACTIVE_ARCH = YES;
				SDKROOT = iphoneos;
				SWIFT_ACTIVE_COMPILATION_CONDITIONS = DEBUG;
				SWIFT_OPTIMIZATION_LEVEL = "-Onone";
			};
			name = Debug;
		};
		6A085FD126DC8F20008FF55E /* Release */ = {
			isa = XCBuildConfiguration;
			buildSettings = {
				ALWAYS_SEARCH_USER_PATHS = NO;
				CLANG_ANALYZER_NONNULL = YES;
				CLANG_ANALYZER_NUMBER_OBJECT_CONVERSION = YES_AGGRESSIVE;
				CLANG_CXX_LANGUAGE_STANDARD = "gnu++14";
				CLANG_CXX_LIBRARY = "libc++";
				CLANG_ENABLE_MODULES = YES;
				CLANG_ENABLE_OBJC_ARC = YES;
				CLANG_ENABLE_OBJC_WEAK = YES;
				CLANG_WARN_BLOCK_CAPTURE_AUTORELEASING = YES;
				CLANG_WARN_BOOL_CONVERSION = YES;
				CLANG_WARN_COMMA = YES;
				CLANG_WARN_CONSTANT_CONVERSION = YES;
				CLANG_WARN_DEPRECATED_OBJC_IMPLEMENTATIONS = YES;
				CLANG_WARN_DIRECT_OBJC_ISA_USAGE = YES_ERROR;
				CLANG_WARN_DOCUMENTATION_COMMENTS = YES;
				CLANG_WARN_EMPTY_BODY = YES;
				CLANG_WARN_ENUM_CONVERSION = YES;
				CLANG_WARN_INFINITE_RECURSION = YES;
				CLANG_WARN_INT_CONVERSION = YES;
				CLANG_WARN_NON_LITERAL_NULL_CONVERSION = YES;
				CLANG_WARN_OBJC_IMPLICIT_RETAIN_SELF = YES;
				CLANG_WARN_OBJC_LITERAL_CONVERSION = YES;
				CLANG_WARN_OBJC_ROOT_CLASS = YES_ERROR;
				CLANG_WARN_QUOTED_INCLUDE_IN_FRAMEWORK_HEADER = YES;
				CLANG_WARN_RANGE_LOOP_ANALYSIS = YES;
				CLANG_WARN_STRICT_PROTOTYPES = YES;
				CLANG_WARN_SUSPICIOUS_MOVE = YES;
				CLANG_WARN_UNGUARDED_AVAILABILITY = YES_AGGRESSIVE;
				CLANG_WARN_UNREACHABLE_CODE = YES;
				CLANG_WARN__DUPLICATE_METHOD_MATCH = YES;
				COPY_PHASE_STRIP = NO;
				DEBUG_INFORMATION_FORMAT = "dwarf-with-dsym";
				ENABLE_NS_ASSERTIONS = NO;
				ENABLE_STRICT_OBJC_MSGSEND = YES;
				GCC_C_LANGUAGE_STANDARD = gnu11;
				GCC_NO_COMMON_BLOCKS = YES;
				GCC_WARN_64_TO_32_BIT_CONVERSION = YES;
				GCC_WARN_ABOUT_RETURN_TYPE = YES_ERROR;
				GCC_WARN_UNDECLARED_SELECTOR = YES;
				GCC_WARN_UNINITIALIZED_AUTOS = YES_AGGRESSIVE;
				GCC_WARN_UNUSED_FUNCTION = YES;
				GCC_WARN_UNUSED_VARIABLE = YES;
				IPHONEOS_DEPLOYMENT_TARGET = 14.5;
				MTL_ENABLE_DEBUG_INFO = NO;
				MTL_FAST_MATH = YES;
				SDKROOT = iphoneos;
				SWIFT_COMPILATION_MODE = wholemodule;
				SWIFT_OPTIMIZATION_LEVEL = "-O";
				VALIDATE_PRODUCT = YES;
			};
			name = Release;
		};
		6A085FD326DC8F20008FF55E /* Debug */ = {
			isa = XCBuildConfiguration;
			buildSettings = {
				ASSETCATALOG_COMPILER_APPICON_NAME = AppIcon;
				ASSETCATALOG_COMPILER_GLOBAL_ACCENT_COLOR_NAME = AccentColor;
				CODE_SIGN_STYLE = Automatic;
				DEVELOPMENT_TEAM = MRC4Z48U9X;
				INFOPLIST_FILE = MyHabits/Info.plist;
				LD_RUNPATH_SEARCH_PATHS = (
					"$(inherited)",
					"@executable_path/Frameworks",
				);
				PRODUCT_BUNDLE_IDENTIFIER = com.vrouwh.MyHabits;
				PRODUCT_NAME = "$(TARGET_NAME)";
				SWIFT_VERSION = 5.0;
				TARGETED_DEVICE_FAMILY = "1,2";
			};
			name = Debug;
		};
		6A085FD426DC8F20008FF55E /* Release */ = {
			isa = XCBuildConfiguration;
			buildSettings = {
				ASSETCATALOG_COMPILER_APPICON_NAME = AppIcon;
				ASSETCATALOG_COMPILER_GLOBAL_ACCENT_COLOR_NAME = AccentColor;
				CODE_SIGN_STYLE = Automatic;
				DEVELOPMENT_TEAM = MRC4Z48U9X;
				INFOPLIST_FILE = MyHabits/Info.plist;
				LD_RUNPATH_SEARCH_PATHS = (
					"$(inherited)",
					"@executable_path/Frameworks",
				);
				PRODUCT_BUNDLE_IDENTIFIER = com.vrouwh.MyHabits;
				PRODUCT_NAME = "$(TARGET_NAME)";
				SWIFT_VERSION = 5.0;
				TARGETED_DEVICE_FAMILY = "1,2";
			};
			name = Release;
		};
/* End XCBuildConfiguration section */

/* Begin XCConfigurationList section */
		6A085FB926DC8F1D008FF55E /* Build configuration list for PBXProject "MyHabits" */ = {
			isa = XCConfigurationList;
			buildConfigurations = (
				6A085FD026DC8F20008FF55E /* Debug */,
				6A085FD126DC8F20008FF55E /* Release */,
			);
			defaultConfigurationIsVisible = 0;
			defaultConfigurationName = Release;
		};
		6A085FD226DC8F20008FF55E /* Build configuration list for PBXNativeTarget "MyHabits" */ = {
			isa = XCConfigurationList;
			buildConfigurations = (
				6A085FD326DC8F20008FF55E /* Debug */,
				6A085FD426DC8F20008FF55E /* Release */,
			);
			defaultConfigurationIsVisible = 0;
			defaultConfigurationName = Release;
		};
/* End XCConfigurationList section */
	};
	rootObject = 6A085FB626DC8F1D008FF55E /* Project object */;
}
